<?xml version="1.0" encoding="utf-8"?>
<Project ToolsVersion="4.0" xmlns="http://schemas.microsoft.com/developer/msbuild/2003">
  <ItemGroup>
    <Filter Include="Source Files">
      <UniqueIdentifier>{4FC737F1-C7A5-4376-A066-2A32D752A2FF}</UniqueIdentifier>
      <Extensions>cpp;c;cc;cxx;def;odl;idl;hpj;bat;asm;asmx</Extensions>
    </Filter>
    <Filter Include="Header Files">
      <UniqueIdentifier>{93995380-89BD-4b04-88EB-625FBE52EBFB}</UniqueIdentifier>
      <Extensions>h;hh;hpp;hxx;hm;inl;inc;xsd</Extensions>
    </Filter>
    <Filter Include="Resource Files">
      <UniqueIdentifier>{67DA6AB6-F800-4c08-8B7A-83BB121AAD01}</UniqueIdentifier>
      <Extensions>rc;ico;cur;bmp;dlg;rc2;rct;bin;rgs;gif;jpg;jpeg;jpe;resx;tiff;tif;png;wav</Extensions>
    </Filter>
  </ItemGroup>
  <ItemGroup>
    <ClCompile Include="lib\xbeep.cpp">
      <Filter>Source Files</Filter>
    </ClCompile>
    <ClCompile Include="lib\conn.c">
      <Filter>Source Files</Filter>
    </ClCompile>
    <ClCompile Include="lib\error.c">
      <Filter>Source Files</Filter>
    </ClCompile>
    <ClCompile Include="lib\frame.c">
      <Filter>Source Files</Filter>
    </ClCompile>
    <ClCompile Include="lib\ll.c">
      <Filter>Source Files</Filter>
    </ClCompile>
    <ClCompile Include="lib\log.c">
      <Filter>Source Files</Filter>
    </ClCompile>
    <ClCompile Include="lib\mode.c">
      <Filter>Source Files</Filter>
    </ClCompile>
    <ClCompile Include="lib\mutex.c">
      <Filter>Source Files</Filter>
    </ClCompile>
    <ClCompile Include="lib\net.c">
      <Filter>Source Files</Filter>
    </ClCompile>
    <ClCompile Include="lib\net_callbacks.c">
      <Filter>Source Files</Filter>
    </ClCompile>
    <ClCompile Include="lib\net_handlers.c">
      <Filter>Source Files</Filter>
    </ClCompile>
    <ClCompile Include="lib\net_io.c">
      <Filter>Source Files</Filter>
    </ClCompile>
    <ClCompile Include="lib\pkt.c">
      <Filter>Source Files</Filter>
    </ClCompile>
    <ClCompile Include="lib\prepare.c">
      <Filter>Source Files</Filter>
    </ClCompile>
    <ClCompile Include="lib\rx.c">
      <Filter>Source Files</Filter>
    </ClCompile>
    <ClCompile Include="lib\thread.c">
      <Filter>Source Files</Filter>
    </ClCompile>
    <ClCompile Include="lib\tx.c">
      <Filter>Source Files</Filter>
    </ClCompile>
    <ClCompile Include="lib\ver.c">
      <Filter>Source Files</Filter>
    </ClCompile>
    <ClCompile Include="lib\xbee.c">
      <Filter>Source Files</Filter>
    </ClCompile>
    <ClCompile Include="lib\xsys.c">
      <Filter>Source Files</Filter>
    </ClCompile>
    <ClCompile Include="lib\xsys_darwin.c">
      <Filter>Source Files</Filter>
    </ClCompile>
    <ClCompile Include="lib\xsys_linux.c">
      <Filter>Source Files</Filter>
    </ClCompile>
    <ClCompile Include="src\main.cpp">
      <Filter>Source Files</Filter>
    </ClCompile>
  </ItemGroup>
  <ItemGroup>
    <ClInclude Include="lib\conn.h">
      <Filter>Header Files</Filter>
    </ClInclude>
    <ClInclude Include="lib\frame.h">
      <Filter>Header Files</Filter>
    </ClInclude>
    <ClInclude Include="lib\internal.h">
      <Filter>Header Files</Filter>
    </ClInclude>
    <ClInclude Include="lib\ll.h">
      <Filter>Header Files</Filter>
    </ClInclude>
    <ClInclude Include="lib\log.h">
      <Filter>Header Files</Filter>
    </ClInclude>
    <ClInclude Include="lib\mode.h">
      <Filter>Header Files</Filter>
    </ClInclude>
    <ClInclude Include="lib\mutex.h">
      <Filter>Header Files</Filter>
    </ClInclude>
    <ClInclude Include="lib\net.h">
      <Filter>Header Files</Filter>
    </ClInclude>
    <ClInclude Include="lib\net_callbacks.h">
      <Filter>Header Files</Filter>
    </ClInclude>
    <ClInclude Include="lib\net_handlers.h">
      <Filter>Header Files</Filter>
    </ClInclude>
    <ClInclude Include="lib\net_io.h">
      <Filter>Header Files</Filter>
    </ClInclude>
    <ClInclude Include="lib\pkt.h">
      <Filter>Header Files</Filter>
    </ClInclude>
    <ClInclude Include="lib\prepare.h">
      <Filter>Header Files</Filter>
    </ClInclude>
    <ClInclude Include="lib\rx.h">
      <Filter>Header Files</Filter>
    </ClInclude>
    <ClInclude Include="lib\thread.h">
      <Filter>Header Files</Filter>
    </ClInclude>
    <ClInclude Include="lib\tx.h">
      <Filter>Header Files</Filter>
    </ClInclude>
    <ClInclude Include="lib\xbee.h">
      <Filter>Header Files</Filter>
    </ClInclude>
    <ClInclude Include="lib\xbeep.h">
      <Filter>Header Files</Filter>
    </ClInclude>
    <ClInclude Include="lib\xbee_int.h">
      <Filter>Header Files</Filter>
    </ClInclude>
    <ClInclude Include="lib\xsys.h">
      <Filter>Header Files</Filter>
    </ClInclude>
    <ClInclude Include="lib\xsys_darwin.h">
      <Filter>Header Files</Filter>
    </ClInclude>
    <ClInclude Include="lib\xsys_linux.h">
      <Filter>Header Files</Filter>
    </ClInclude>
  </ItemGroup>
</Project>